
Microsoft Visual Studio Solution File, Format Version 12.00
# Visual Studio Version 17
VisualStudioVersion = 17.5.33627.172
MinimumVisualStudioVersion = 10.0.40219.1
Project("{FAE04EC0-301F-11D3-BF4B-00C04F79EFBC}") = "ForExampleWebApi", "ForExampleWebApi\ForExampleWebApi.csproj", "{09187321-AFC3-4F94-9872-8D9D48ACFFC1}"
EndProject
Global
	GlobalSection(SolutionConfigurationPlatforms) = preSolution
		Debug|Any CPU = Debug|Any CPU
		Release|Any CPU = Release|Any CPU
	EndGlobalSection
	GlobalSection(ProjectConfigurationPlatforms) = postSolution
		{09187321-AFC3-4F94-9872-8D9D48ACFFC1}.Debug|Any CPU.ActiveCfg = Debug|Any CPU
		{09187321-AFC3-4F94-9872-8D9D48ACFFC1}.Debug|Any CPU.Build.0 = Debug|Any CPU
		{09187321-AFC3-4F94-9872-8D9D48ACFFC1}.Release|Any CPU.ActiveCfg = Release|Any CPU
		{09187321-AFC3-4F94-9872-8D9D48ACFFC1}.Release|Any CPU.Build.0 = Release|Any CPU
	EndGlobalSection
	GlobalSection(SolutionProperties) = preSolution
		HideSolutionNode = FALSE
	EndGlobalSection
	GlobalSection(ExtensibilityGlobals) = postSolution
		SolutionGuid = {482B868C-0BF7-469A-BE4D-AFF5B5F558BC}
	EndGlobalSection
EndGlobal
